
Microsoft Visual Studio Solution File, Format Version 9.00
# Visual C++ Express 2005
Project("{8BC9CEB8-8B4A-11D0-8D11-00A0C91BC942}") = "GODLIB", "GODLIB2.vcproj", "{1855F6D8-C3F6-41EA-A2BE-97091BCF32FB}"
EndProject
Global
	GlobalSection(SolutionConfigurationPlatforms) = preSolution
		Debug|Win32 = Debug|Win32
		Release|Win32 = Release|Win32
	EndGlobalSection
	GlobalSection(ProjectConfigurationPlatforms) = postSolution
		{1855F6D8-C3F6-41EA-A2BE-97091BCF32FB}.Debug|Win32.ActiveCfg = Debug|Win32
		{1855F6D8-C3F6-41EA-A2BE-97091BCF32FB}.Debug|Win32.Build.0 = Debug|Win32
		{1855F6D8-C3F6-41EA-A2BE-97091BCF32FB}.Release|Win32.ActiveCfg = Release|Win32
		{1855F6D8-C3F6-41EA-A2BE-97091BCF32FB}.Release|Win32.Build.0 = Release|Win32
	EndGlobalSection
	GlobalSection(SolutionProperties) = preSolution
		HideSolutionNode = FALSE
	EndGlobalSection
EndGlobal
